PODS:
  - Alamofire (5.2.2)
  - ObjectMapper (3.5.3)

DEPENDENCIES:
  - Alamofire (~> 5.2)
  - ObjectMapper (~> 3.5)

SPEC REPOS:
  trunk:
    - Alamofire
    - ObjectMapper

SPEC CHECKSUMS:
  Alamofire: 814429acc853c6c54ff123fc3d2ef66803823ce0
  ObjectMapper: 97111c97e054a6ee25917662106689f0b4127b37

PODFILE CHECKSUM: 55f3792e8d27bf440d24666ccfc55d29b2aadeef

COCOAPODS: 1.9.3
