// !$*UTF8*$!
{
	archiveVersion = 1;
	classes = {
	};
	objectVersion = 50;
	objects = {

/* Begin PBXBuildFile section */
		69996D142526B82000BE8065 /* AppDelegate.swift in Sources */ = {isa = PBXBuildFile; fileRef = 69996D132526B82000BE8065 /* AppDelegate.swift */; };
		69996D162526B82000BE8065 /* SceneDelegate.swift in Sources */ = {isa = PBXBuildFile; fileRef = 69996D152526B82000BE8065 /* SceneDelegate.swift */; };
		69996D182526B82000BE8065 /* ViewController.swift in Sources */ = {isa = PBXBuildFile; fileRef = 69996D172526B82000BE8065 /* ViewController.swift */; };
		69996D1B2526B82000BE8065 /* Main.storyboard in Resources */ = {isa = PBXBuildFile; fileRef = 69996D192526B82000BE8065 /* Main.storyboard */; };
		69996D1D2526B82200BE8065 /* Assets.xcassets in Resources */ = {isa = PBXBuildFile; fileRef = 69996D1C2526B82200BE8065 /* Assets.xcassets */; };
		69996D202526B82200BE8065 /* LaunchScreen.storyboard in Resources */ = {isa = PBXBuildFile; fileRef = 69996D1E2526B82200BE8065 /* LaunchScreen.storyboard */; };
/* End PBXBuildFile section */

/* Begin PBXFileReference section */
		69996D102526B82000BE8065 /* sonnt.trainingTTC.app */ = {isa = PBXFileReference; explicitFileType = wrapper.application; includeInIndex = 0; path = sonnt.trainingTTC.app; sourceTree = BUILT_PRODUCTS_DIR; };
		69996D132526B82000BE8065 /* AppDelegate.swift */ = {isa = PBXFileReference; lastKnownFileType = sourcecode.swift; path = AppDelegate.swift; sourceTree = "<group>"; };
		69996D152526B82000BE8065 /* SceneDelegate.swift */ = {isa = PBXFileReference; lastKnownFileType = sourcecode.swift; path = SceneDelegate.swift; sourceTree = "<group>"; };
		69996D172526B82000BE8065 /* ViewController.swift */ = {isa = PBXFileReference; lastKnownFileType = sourcecode.swift; path = ViewController.swift; sourceTree = "<group>"; };
		69996D1A2526B82000BE8065 /* Base */ = {isa = PBXFileReference; lastKnownFileType = file.storyboard; name = Base; path = Base.lproj/Main.storyboard; sourceTree = "<group>"; };
		69996D1C2526B82200BE8065 /* Assets.xcassets */ = {isa = PBXFileReference; lastKnownFileType = folder.assetcatalog; path = Assets.xcassets; sourceTree = "<group>"; };
		69996D1F2526B82200BE8065 /* Base */ = {isa = PBXFileReference; lastKnownFileType = file.storyboard; name = Base; path = Base.lproj/LaunchScreen.storyboard; sourceTree = "<group>"; };
		69996D212526B82200BE8065 /* Info.plist */ = {isa = PBXFileReference; lastKnownFileType = text.plist.xml; path = Info.plist; sourceTree = "<group>"; };
/* End PBXFileReference section */

/* Begin PBXFrameworksBuildPhase section */
		69996D0D2526B82000BE8065 /* Frameworks */ = {
			isa = PBXFrameworksBuildPhase;
			buildActionMask = 2147483647;
			files = (
			);
			runOnlyForDeploymentPostprocessing = 0;
		};
/* End PBXFrameworksBuildPhase section */

/* Begin PBXGroup section */
		69996D072526B82000BE8065 = {
			isa = PBXGroup;
			children = (
				69996D122526B82000BE8065 /* sonnt.trainingTTC */,
				69996D112526B82000BE8065 /* Products */,
			);
			sourceTree = "<group>";
		};
		69996D112526B82000BE8065 /* Products */ = {
			isa = PBXGroup;
			children = (
				69996D102526B82000BE8065 /* sonnt.trainingTTC.app */,
			);
			name = Products;
			sourceTree = "<group>";
		};
		69996D122526B82000BE8065 /* sonnt.trainingTTC */ = {
			isa = PBXGroup;
			children = (
				69996D132526B82000BE8065 /* AppDelegate.swift */,
				69996D152526B82000BE8065 /* SceneDelegate.swift */,
				69996D172526B82000BE8065 /* ViewController.swift */,
				69996D192526B82000BE8065 /* Main.storyboard */,
				69996D1C2526B82200BE8065 /* Assets.xcassets */,
				69996D1E2526B82200BE8065 /* LaunchScreen.storyboard */,
				69996D212526B82200BE8065 /* Info.plist */,
			);
			path = sonnt.trainingTTC;
			sourceTree = "<group>";
		};
/* End PBXGroup section */

/* Begin PBXNativeTarget section */
		69996D0F2526B82000BE8065 /* sonnt.trainingTTC */ = {
			isa = PBXNativeTarget;
			buildConfigurationList = 69996D242526B82200BE8065 /* Build configuration list for PBXNativeTarget "sonnt.trainingTTC" */;
			buildPhases = (
				69996D0C2526B82000BE8065 /* Sources */,
				69996D0D2526B82000BE8065 /* Frameworks */,
				69996D0E2526B82000BE8065 /* Resources */,
			);
			buildRules = (
			);
			dependencies = (
			);
			name = sonnt.trainingTTC;
			productName = sonnt.trainingTTC;
			productReference = 69996D102526B82000BE8065 /* sonnt.trainingTTC.app */;
			productType = "com.apple.product-type.application";
		};
/* End PBXNativeTarget section */

/* Begin PBXProject section */
		69996D082526B82000BE8065 /* Project object */ = {
			isa = PBXProject;
			attributes = {
				LastSwiftUpdateCheck = 1130;
				LastUpgradeCheck = 1130;
				ORGANIZATIONNAME = Nero;
				TargetAttributes = {
					69996D0F2526B82000BE8065 = {
						CreatedOnToolsVersion = 11.3.1;
					};
				};
			};
			buildConfigurationList = 69996D0B2526B82000BE8065 /* Build configuration list for PBXProject "sonnt.trainingTTC" */;
			compatibilityVersion = "Xcode 9.3";
			developmentRegion = en;
			hasScannedForEncodings = 0;
			knownRegions = (
				en,
				Base,
			);
			mainGroup = 69996D072526B82000BE8065;
			productRefGroup = 69996D112526B82000BE8065 /* Products */;
			projectDirPath = "";
			projectRoot = "";
			targets = (
				69996D0F2526B82000BE8065 /* sonnt.trainingTTC */,
			);
		};
/* End PBXProject section */

/* Begin PBXResourcesBuildPhase section */
		69996D0E2526B82000BE8065 /* Resources */ = {
			isa = PBXResourcesBuildPhase;
			buildActionMask = 2147483647;
			files = (
				69996D202526B82200BE8065 /* LaunchScreen.storyboard in Resources */,
				69996D1D2526B82200BE8065 /* Assets.xcassets in Resources */,
				69996D1B2526B82000BE8065 /* Main.storyboard in Resources */,
			);
			runOnlyForDeploymentPostprocessing = 0;
		};
/* End PBXResourcesBuildPhase section */

/* Begin PBXSourcesBuildPhase section */
		69996D0C2526B82000BE8065 /* Sources */ = {
			isa = PBXSourcesBuildPhase;
			buildActionMask = 2147483647;
			files = (
				69996D182526B82000BE8065 /* ViewController.swift in Sources */,
				69996D142526B82000BE8065 /* AppDelegate.swift in Sources */,
				69996D162526B82000BE8065 /* SceneDelegate.swift in Sources */,
			);
			runOnlyForDeploymentPostprocessing = 0;
		};
/* End PBXSourcesBuildPhase section */

/* Begin PBXVariantGroup section */
		69996D192526B82000BE8065 /* Main.storyboard */ = {
			isa = PBXVariantGroup;
			children = (
				69996D1A2526B82000BE8065 /* Base */,
			);
			name = Main.storyboard;
			sourceTree = "<group>";
		};
		69996D1E2526B82200BE8065 /* LaunchScreen.storyboard */ = {
			isa = PBXVariantGroup;
			children = (
				69996D1F2526B82200BE8065 /* Base */,
			);
			name = LaunchScreen.storyboard;
			sourceTree = "<group>";
		};
/* End PBXVariantGroup section */

/* Begin XCBuildConfiguration section */
		69996D222526B82200BE8065 /* Debug */ = {
			isa = XCBuildConfiguration;
			buildSettings = {
				ALWAYS_SEARCH_USER_PATHS = NO;
				CLANG_ANALYZER_NONNULL = YES;
				CLANG_ANALYZER_NUMBER_OBJECT_CONVERSION = YES_AGGRESSIVE;
				CLANG_CXX_LANGUAGE_STANDARD = "gnu++14";
				CLANG_CXX_LIBRARY = "libc++";
				CLANG_ENABLE_MODULES = YES;
				CLANG_ENABLE_OBJC_ARC = YES;
				CLANG_ENABLE_OBJC_WEAK = YES;
				CLANG_WARN_BLOCK_CAPTURE_AUTORELEASING = YES;
				CLANG_WARN_BOOL_CONVERSION = YES;
				CLANG_WARN_COMMA = YES;
				CLANG_WARN_CONSTANT_CONVERSION = YES;
				CLANG_WARN_DEPRECATED_OBJC_IMPLEMENTATIONS = YES;
				CLANG_WARN_DIRECT_OBJC_ISA_USAGE = YES_ERROR;
				CLANG_WARN_DOCUMENTATION_COMMENTS = YES;
				CLANG_WARN_EMPTY_BODY = YES;
				CLANG_WARN_ENUM_CONVERSION = YES;
				CLANG_WARN_INFINITE_RECURSION = YES;
				CLANG_WARN_INT_CONVERSION = YES;
				CLANG_WARN_NON_LITERAL_NULL_CONVERSION = YES;
				CLANG_WARN_OBJC_IMPLICIT_RETAIN_SELF = YES;
				CLANG_WARN_OBJC_LITERAL_CONVERSION = YES;
				CLANG_WARN_OBJC_ROOT_CLASS = YES_ERROR;
				CLANG_WARN_RANGE_LOOP_ANALYSIS = YES;
				CLANG_WARN_STRICT_PROTOTYPES = YES;
				CLANG_WARN_SUSPICIOUS_MOVE = YES;
				CLANG_WARN_UNGUARDED_AVAILABILITY = YES_AGGRESSIVE;
				CLANG_WARN_UNREACHABLE_CODE = YES;
				CLANG_WARN__DUPLICATE_METHOD_MATCH = YES;
				COPY_PHASE_STRIP = NO;
				DEBUG_INFORMATION_FORMAT = dwarf;
				ENABLE_STRICT_OBJC_MSGSEND = YES;
				ENABLE_TESTABILITY = YES;
				GCC_C_LANGUAGE_STANDARD = gnu11;
				GCC_DYNAMIC_NO_PIC = NO;
				GCC_NO_COMMON_BLOCKS = YES;
				GCC_OPTIMIZATION_LEVEL = 0;
				GCC_PREPROCESSOR_DEFINITIONS = (
					"DEBUG=1",
					"$(inherited)",
				);
				GCC_WARN_64_TO_32_BIT_CONVERSION = YES;
				GCC_WARN_ABOUT_RETURN_TYPE = YES_ERROR;
				GCC_WARN_UNDECLARED_SELECTOR = YES;
				GCC_WARN_UNINITIALIZED_AUTOS = YES_AGGRESSIVE;
				GCC_WARN_UNUSED_FUNCTION = YES;
				GCC_WARN_UNUSED_VARIABLE = YES;
				IPHONEOS_DEPLOYMENT_TARGET = 13.2;
				MTL_ENABLE_DEBUG_INFO = INCLUDE_SOURCE;
				MTL_FAST_MATH = YES;
				ONLY_ACTIVE_ARCH = YES;
				SDKROOT = iphoneos;
				SWIFT_ACTIVE_COMPILATION_CONDITIONS = DEBUG;
				SWIFT_OPTIMIZATION_LEVEL = "-Onone";
			};
			name = Debug;
		};
		69996D232526B82200BE8065 /* Release */ = {
			isa = XCBuildConfiguration;
			buildSettings = {
				ALWAYS_SEARCH_USER_PATHS = NO;
				CLANG_ANALYZER_NONNULL = YES;
				CLANG_ANALYZER_NUMBER_OBJECT_CONVERSION = YES_AGGRESSIVE;
				CLANG_CXX_LANGUAGE_STANDARD = "gnu++14";
				CLANG_CXX_LIBRARY = "libc++";
				CLANG_ENABLE_MODULES = YES;
				CLANG_ENABLE_OBJC_ARC = YES;
				CLANG_ENABLE_OBJC_WEAK = YES;
				CLANG_WARN_BLOCK_CAPTURE_AUTORELEASING = YES;
				CLANG_WARN_BOOL_CONVERSION = YES;
				CLANG_WARN_COMMA = YES;
				CLANG_WARN_CONSTANT_CONVERSION = YES;
				CLANG_WARN_DEPRECATED_OBJC_IMPLEMENTATIONS = YES;
				CLANG_WARN_DIRECT_OBJC_ISA_USAGE = YES_ERROR;
				CLANG_WARN_DOCUMENTATION_COMMENTS = YES;
				CLANG_WARN_EMPTY_BODY = YES;
				CLANG_WARN_ENUM_CONVERSION = YES;
				CLANG_WARN_INFINITE_RECURSION = YES;
				CLANG_WARN_INT_CONVERSION = YES;
				CLANG_WARN_NON_LITERAL_NULL_CONVERSION = YES;
				CLANG_WARN_OBJC_IMPLICIT_RETAIN_SELF = YES;
				CLANG_WARN_OBJC_LITERAL_CONVERSION = YES;
				CLANG_WARN_OBJC_ROOT_CLASS = YES_ERROR;
				CLANG_WARN_RANGE_LOOP_ANALYSIS = YES;
				CLANG_WARN_STRICT_PROTOTYPES = YES;
				CLANG_WARN_SUSPICIOUS_MOVE = YES;
				CLANG_WARN_UNGUARDED_AVAILABILITY = YES_AGGRESSIVE;
				CLANG_WARN_UNREACHABLE_CODE = YES;
				CLANG_WARN__DUPLICATE_METHOD_MATCH = YES;
				COPY_PHASE_STRIP = NO;
				DEBUG_INFORMATION_FORMAT = "dwarf-with-dsym";
				ENABLE_NS_ASSERTIONS = NO;
				ENABLE_STRICT_OBJC_MSGSEND = YES;
				GCC_C_LANGUAGE_STANDARD = gnu11;
				GCC_NO_COMMON_BLOCKS = YES;
				GCC_WARN_64_TO_32_BIT_CONVERSION = YES;
				GCC_WARN_ABOUT_RETURN_TYPE = YES_ERROR;
				GCC_WARN_UNDECLARED_SELECTOR = YES;
				GCC_WARN_UNINITIALIZED_AUTOS = YES_AGGRESSIVE;
				GCC_WARN_UNUSED_FUNCTION = YES;
				GCC_WARN_UNUSED_VARIABLE = YES;
				IPHONEOS_DEPLOYMENT_TARGET = 13.2;
				MTL_ENABLE_DEBUG_INFO = NO;
				MTL_FAST_MATH = YES;
				SDKROOT = iphoneos;
				SWIFT_COMPILATION_MODE = wholemodule;
				SWIFT_OPTIMIZATION_LEVEL = "-O";
				VALIDATE_PRODUCT = YES;
			};
			name = Release;
		};
		69996D252526B82200BE8065 /* Debug */ = {
			isa = XCBuildConfiguration;
			buildSettings = {
				ASSETCATALOG_COMPILER_APPICON_NAME = AppIcon;
				CODE_SIGN_STYLE = Automatic;
				DEVELOPMENT_TEAM = 695E38P725;
				INFOPLIST_FILE = sonnt.trainingTTC/Info.plist;
				LD_RUNPATH_SEARCH_PATHS = (
					"$(inherited)",
					"@executable_path/Frameworks",
				);
				PRODUCT_BUNDLE_IDENTIFIER = "TTC.sonnt-trainingTTC";
				PRODUCT_NAME = "$(TARGET_NAME)";
				SWIFT_VERSION = 5.0;
				TARGETED_DEVICE_FAMILY = "1,2";
			};
			name = Debug;
		};
		69996D262526B82200BE8065 /* Release */ = {
			isa = XCBuildConfiguration;
			buildSettings = {
				ASSETCATALOG_COMPILER_APPICON_NAME = AppIcon;
				CODE_SIGN_STYLE = Automatic;
				DEVELOPMENT_TEAM = 695E38P725;
				INFOPLIST_FILE = sonnt.trainingTTC/Info.plist;
				LD_RUNPATH_SEARCH_PATHS = (
					"$(inherited)",
					"@executable_path/Frameworks",
				);
				PRODUCT_BUNDLE_IDENTIFIER = "TTC.sonnt-trainingTTC";
				PRODUCT_NAME = "$(TARGET_NAME)";
				SWIFT_VERSION = 5.0;
				TARGETED_DEVICE_FAMILY = "1,2";
			};
			name = Release;
		};
/* End XCBuildConfiguration section */

/* Begin XCConfigurationList section */
		69996D0B2526B82000BE8065 /* Build configuration list for PBXProject "sonnt.trainingTTC" */ = {
			isa = XCConfigurationList;
			buildConfigurations = (
				69996D222526B82200BE8065 /* Debug */,
				69996D232526B82200BE8065 /* Release */,
			);
			defaultConfigurationIsVisible = 0;
			defaultConfigurationName = Release;
		};
		69996D242526B82200BE8065 /* Build configuration list for PBXNativeTarget "sonnt.trainingTTC" */ = {
			isa = XCConfigurationList;
			buildConfigurations = (
				69996D252526B82200BE8065 /* Debug */,
				69996D262526B82200BE8065 /* Release */,
			);
			defaultConfigurationIsVisible = 0;
			defaultConfigurationName = Release;
		};
/* End XCConfigurationList section */
	};
	rootObject = 69996D082526B82000BE8065 /* Project object */;
}
